
Microsoft Visual Studio Solution File, Format Version 12.00
# Visual Studio Version 17
VisualStudioVersion = 17.0.31903.59
MinimumVisualStudioVersion = 10.0.40219.1
Project("{2150E333-8FDC-42A3-9474-1A3956D46DE8}") = "src", "src", "{827E0CD3-B72D-47B6-A68D-7590B98EB39B}"
EndProject
Project("{2150E333-8FDC-42A3-9474-1A3956D46DE8}") = "Core", "Core", "{8D626EA8-CB54-BC41-363A-217881BEBA6E}"
EndProject
Project("{FAE04EC0-301F-11D3-BF4B-00C04F79EFBC}") = "NuGetDemo.Core", "src\Core\NuGetDemo.Core\NuGetDemo.Core.csproj", "{D6FE593C-CCE3-4F73-88AE-5CB57666EAD3}"
EndProject
Project("{2150E333-8FDC-42A3-9474-1A3956D46DE8}") = "Utilities", "Utilities", "{AB08B9A8-5735-C00D-10FA-B1C840F3028B}"
EndProject
Project("{FAE04EC0-301F-11D3-BF4B-00C04F79EFBC}") = "NuGetDemo.Utilities", "src\Utilities\NuGetDemo.Utilities\NuGetDemo.Utilities.csproj", "{42BA7640-0522-4F97-A30A-58C72448C0E9}"
EndProject
Project("{2150E333-8FDC-42A3-9474-1A3956D46DE8}") = "Services", "Services", "{984BB9B3-3FA3-BE33-9484-CAC21695A33C}"
EndProject
Project("{FAE04EC0-301F-11D3-BF4B-00C04F79EFBC}") = "NuGetDemo.Services", "src\Services\NuGetDemo.Services\NuGetDemo.Services.csproj", "{D023542D-342E-4B90-8B80-B6D52042E164}"
EndProject
Project("{2150E333-8FDC-42A3-9474-1A3956D46DE8}") = "ConsumerApp", "ConsumerApp", "{B4B3A8C3-D720-5C3F-FEE0-9D21D1CDFADB}"
EndProject
Project("{FAE04EC0-301F-11D3-BF4B-00C04F79EFBC}") = "NuGetDemo.ConsumerApp", "src\ConsumerApp\NuGetDemo.ConsumerApp\NuGetDemo.ConsumerApp.csproj", "{1F99DBDC-C3F2-4DE3-9C06-E9420164E6A6}"
EndProject
Global
	GlobalSection(SolutionConfigurationPlatforms) = preSolution
		Debug|Any CPU = Debug|Any CPU
		Debug|x64 = Debug|x64
		Debug|x86 = Debug|x86
		Release|Any CPU = Release|Any CPU
		Release|x64 = Release|x64
		Release|x86 = Release|x86
	EndGlobalSection
	GlobalSection(ProjectConfigurationPlatforms) = postSolution
		{D6FE593C-CCE3-4F73-88AE-5CB57666EAD3}.Debug|Any CPU.ActiveCfg = Debug|Any CPU
		{D6FE593C-CCE3-4F73-88AE-5CB57666EAD3}.Debug|Any CPU.Build.0 = Debug|Any CPU
		{D6FE593C-CCE3-4F73-88AE-5CB57666EAD3}.Debug|x64.ActiveCfg = Debug|Any CPU
		{D6FE593C-CCE3-4F73-88AE-5CB57666EAD3}.Debug|x64.Build.0 = Debug|Any CPU
		{D6FE593C-CCE3-4F73-88AE-5CB57666EAD3}.Debug|x86.ActiveCfg = Debug|Any CPU
		{D6FE593C-CCE3-4F73-88AE-5CB57666EAD3}.Debug|x86.Build.0 = Debug|Any CPU
		{D6FE593C-CCE3-4F73-88AE-5CB57666EAD3}.Release|Any CPU.ActiveCfg = Release|Any CPU
		{D6FE593C-CCE3-4F73-88AE-5CB57666EAD3}.Release|Any CPU.Build.0 = Release|Any CPU
		{D6FE593C-CCE3-4F73-88AE-5CB57666EAD3}.Release|x64.ActiveCfg = Release|Any CPU
		{D6FE593C-CCE3-4F73-88AE-5CB57666EAD3}.Release|x64.Build.0 = Release|Any CPU
		{D6FE593C-CCE3-4F73-88AE-5CB57666EAD3}.Release|x86.ActiveCfg = Release|Any CPU
		{D6FE593C-CCE3-4F73-88AE-5CB57666EAD3}.Release|x86.Build.0 = Release|Any CPU
		{42BA7640-0522-4F97-A30A-58C72448C0E9}.Debug|Any CPU.ActiveCfg = Debug|Any CPU
		{42BA7640-0522-4F97-A30A-58C72448C0E9}.Debug|Any CPU.Build.0 = Debug|Any CPU
		{42BA7640-0522-4F97-A30A-58C72448C0E9}.Debug|x64.ActiveCfg = Debug|Any CPU
		{42BA7640-0522-4F97-A30A-58C72448C0E9}.Debug|x64.Build.0 = Debug|Any CPU
		{42BA7640-0522-4F97-A30A-58C72448C0E9}.Debug|x86.ActiveCfg = Debug|Any CPU
		{42BA7640-0522-4F97-A30A-58C72448C0E9}.Debug|x86.Build.0 = Debug|Any CPU
		{42BA7640-0522-4F97-A30A-58C72448C0E9}.Release|Any CPU.ActiveCfg = Release|Any CPU
		{42BA7640-0522-4F97-A30A-58C72448C0E9}.Release|Any CPU.Build.0 = Release|Any CPU
		{42BA7640-0522-4F97-A30A-58C72448C0E9}.Release|x64.ActiveCfg = Release|Any CPU
		{42BA7640-0522-4F97-A30A-58C72448C0E9}.Release|x64.Build.0 = Release|Any CPU
		{42BA7640-0522-4F97-A30A-58C72448C0E9}.Release|x86.ActiveCfg = Release|Any CPU
		{42BA7640-0522-4F97-A30A-58C72448C0E9}.Release|x86.Build.0 = Release|Any CPU
		{D023542D-342E-4B90-8B80-B6D52042E164}.Debug|Any CPU.ActiveCfg = Debug|Any CPU
		{D023542D-342E-4B90-8B80-B6D52042E164}.Debug|Any CPU.Build.0 = Debug|Any CPU
		{D023542D-342E-4B90-8B80-B6D52042E164}.Debug|x64.ActiveCfg = Debug|Any CPU
		{D023542D-342E-4B90-8B80-B6D52042E164}.Debug|x64.Build.0 = Debug|Any CPU
		{D023542D-342E-4B90-8B80-B6D52042E164}.Debug|x86.ActiveCfg = Debug|Any CPU
		{D023542D-342E-4B90-8B80-B6D52042E164}.Debug|x86.Build.0 = Debug|Any CPU
		{D023542D-342E-4B90-8B80-B6D52042E164}.Release|Any CPU.ActiveCfg = Release|Any CPU
		{D023542D-342E-4B90-8B80-B6D52042E164}.Release|Any CPU.Build.0 = Release|Any CPU
		{D023542D-342E-4B90-8B80-B6D52042E164}.Release|x64.ActiveCfg = Release|Any CPU
		{D023542D-342E-4B90-8B80-B6D52042E164}.Release|x64.Build.0 = Release|Any CPU
		{D023542D-342E-4B90-8B80-B6D52042E164}.Release|x86.ActiveCfg = Release|Any CPU
		{D023542D-342E-4B90-8B80-B6D52042E164}.Release|x86.Build.0 = Release|Any CPU
		{1F99DBDC-C3F2-4DE3-9C06-E9420164E6A6}.Debug|Any CPU.ActiveCfg = Debug|Any CPU
		{1F99DBDC-C3F2-4DE3-9C06-E9420164E6A6}.Debug|Any CPU.Build.0 = Debug|Any CPU
		{1F99DBDC-C3F2-4DE3-9C06-E9420164E6A6}.Debug|x64.ActiveCfg = Debug|Any CPU
		{1F99DBDC-C3F2-4DE3-9C06-E9420164E6A6}.Debug|x64.Build.0 = Debug|Any CPU
		{1F99DBDC-C3F2-4DE3-9C06-E9420164E6A6}.Debug|x86.ActiveCfg = Debug|Any CPU
		{1F99DBDC-C3F2-4DE3-9C06-E9420164E6A6}.Debug|x86.Build.0 = Debug|Any CPU
		{1F99DBDC-C3F2-4DE3-9C06-E9420164E6A6}.Release|Any CPU.ActiveCfg = Release|Any CPU
		{1F99DBDC-C3F2-4DE3-9C06-E9420164E6A6}.Release|Any CPU.Build.0 = Release|Any CPU
		{1F99DBDC-C3F2-4DE3-9C06-E9420164E6A6}.Release|x64.ActiveCfg = Release|Any CPU
		{1F99DBDC-C3F2-4DE3-9C06-E9420164E6A6}.Release|x64.Build.0 = Release|Any CPU
		{1F99DBDC-C3F2-4DE3-9C06-E9420164E6A6}.Release|x86.ActiveCfg = Release|Any CPU
		{1F99DBDC-C3F2-4DE3-9C06-E9420164E6A6}.Release|x86.Build.0 = Release|Any CPU
	EndGlobalSection
	GlobalSection(SolutionProperties) = preSolution
		HideSolutionNode = FALSE
	EndGlobalSection
	GlobalSection(NestedProjects) = preSolution
		{8D626EA8-CB54-BC41-363A-217881BEBA6E} = {827E0CD3-B72D-47B6-A68D-7590B98EB39B}
		{D6FE593C-CCE3-4F73-88AE-5CB57666EAD3} = {8D626EA8-CB54-BC41-363A-217881BEBA6E}
		{AB08B9A8-5735-C00D-10FA-B1C840F3028B} = {827E0CD3-B72D-47B6-A68D-7590B98EB39B}
		{42BA7640-0522-4F97-A30A-58C72448C0E9} = {AB08B9A8-5735-C00D-10FA-B1C840F3028B}
		{984BB9B3-3FA3-BE33-9484-CAC21695A33C} = {827E0CD3-B72D-47B6-A68D-7590B98EB39B}
		{D023542D-342E-4B90-8B80-B6D52042E164} = {984BB9B3-3FA3-BE33-9484-CAC21695A33C}
		{B4B3A8C3-D720-5C3F-FEE0-9D21D1CDFADB} = {827E0CD3-B72D-47B6-A68D-7590B98EB39B}
		{1F99DBDC-C3F2-4DE3-9C06-E9420164E6A6} = {B4B3A8C3-D720-5C3F-FEE0-9D21D1CDFADB}
	EndGlobalSection
EndGlobal
